{
  "name": "importer-insomnia",
  "version": "0.0.1",
  "lockfileVersion": 3,
  "requires": true,
  "packages": {
    "": {
      "name": "importer-insomnia",
      "version": "0.0.1",
      "dependencies": {
        "@yaakapp/api": "^0.1.14",
        "yaml": "^2.4.2"
      },
      "devDependencies": {
        "@types/node": "^20.14.9",
        "@yaakapp/cli": "^0.0.42",
        "typescript": "^5.5.2"
      }
    },
    "node_modules/@types/node": {
      "version": "20.14.9",
      "resolved": "https://registry.npmjs.org/@types/node/-/node-20.14.9.tgz",
      "integrity": "sha512-06OCtnTXtWOZBJlRApleWndH4JsRVs1pDCc8dLSQp+7PpUpX3ePdHyeNSFTeSe7FtKyQkrlPvHwJOW3SLd8Oyg==",
      "dev": true,
      "dependencies": {
        "undici-types": "~5.26.4"
      }
    },
    "node_modules/@yaakapp/api": {
      "version": "0.1.15",
      "resolved": "https://registry.npmjs.org/@yaakapp/api/-/api-0.1.15.tgz",
      "integrity": "sha512-4nrImM9r4Afih0CcG6PWtGA6Luap/Ki5ZVl56WejWA8WPpy8AhEpC0KErpJChNzzqRjgK9ZEWdQNsBHppzAs8A==",
      "dependencies": {
        "@types/node": "^22.0.0"
      }
    },
    "node_modules/@yaakapp/api/node_modules/@types/node": {
      "version": "22.3.0",
      "resolved": "https://registry.npmjs.org/@types/node/-/node-22.3.0.tgz",
      "integrity": "sha512-nrWpWVaDZuaVc5X84xJ0vNrLvomM205oQyLsRt7OHNZbSHslcWsvgFR7O7hire2ZonjLrWBbedmotmIlJDVd6g==",
      "dependencies": {
        "undici-types": "~6.18.2"
      }
    },
    "node_modules/@yaakapp/api/node_modules/undici-types": {
      "version": "6.18.2",
      "resolved": "https://registry.npmjs.org/undici-types/-/undici-types-6.18.2.tgz",
      "integrity": "sha512-5ruQbENj95yDYJNS3TvcaxPMshV7aizdv/hWYjGIKoANWKjhWNBsr2YEuYZKodQulB1b8l7ILOuDQep3afowQQ=="
    },
    "node_modules/@yaakapp/cli": {
      "version": "0.0.42",
      "resolved": "https://registry.npmjs.org/@yaakapp/cli/-/cli-0.0.42.tgz",
      "integrity": "sha512-HFkg49sksZNQQpnOgZGfyh8pmHbxtkgSNCeEMlaSFezq42YZPHxOPlqTEGxk3JqX6Asz0YO2xJDfUADQCyKNYA==",
      "dev": true,
      "hasInstallScript": true,
      "bin": {
        "yaakcli": "bin/cli.js"
      },
      "optionalDependencies": {
        "@yaakapp/cli-darwin-arm64": "0.0.42",
        "@yaakapp/cli-darwin-x64": "0.0.42",
        "@yaakapp/cli-linux-x64": "0.0.42",
        "@yaakapp/cli-win32-x64": "0.0.42"
      }
    },
    "node_modules/@yaakapp/cli-darwin-arm64": {
      "version": "0.0.42",
      "resolved": "https://registry.npmjs.org/@yaakapp/cli-darwin-arm64/-/cli-darwin-arm64-0.0.42.tgz",
      "integrity": "sha512-l8+N/9jwvAYlMQBPfGzNkVoQsYeBtwM3/7ix5b6mT+3zcwrNIDW9HQTEZ2ZTNdo1H548U1F6ppvhAyOdOtIyLg==",
      "dev": true,
      "optional": true,
      "os": [
        "darwin"
      ]
    },
    "node_modules/@yaakapp/cli-darwin-x64": {
      "version": "0.0.42",
      "resolved": "https://registry.npmjs.org/@yaakapp/cli-darwin-x64/-/cli-darwin-x64-0.0.42.tgz",
      "integrity": "sha512-grm9UOVCNIpHO3XsEzvvoic43cYCxmuvrUFP/8MZLQgZeQ5L6EBTAlCTtXD2hUGW60+kNNwcgPrDVVrP7Wn2YQ==",
      "dev": true,
      "optional": true,
      "os": [
        "darwin"
      ]
    },
    "node_modules/@yaakapp/cli-linux-x64": {
      "version": "0.0.42",
      "resolved": "https://registry.npmjs.org/@yaakapp/cli-linux-x64/-/cli-linux-x64-0.0.42.tgz",
      "integrity": "sha512-O4ly25zR0BVIN0KxUcc7hmmcdNiRq4tQACuYNMIQ2ppFJYCguSMmGFdeJuyCfvcC/SwJIK6/Kzkr8EAmaTjDOA==",
      "dev": true,
      "optional": true,
      "os": [
        "linux"
      ]
    },
    "node_modules/@yaakapp/cli-win32-x64": {
      "version": "0.0.42",
      "resolved": "https://registry.npmjs.org/@yaakapp/cli-win32-x64/-/cli-win32-x64-0.0.42.tgz",
      "integrity": "sha512-40BTVcOBIP8VYwD1wfrr6tXG6NQuGz+XDA/ean4AWQWHi1P7BWHC9/uqHlMTLhFvbjcHjtwAl7bzVrXr37E0YQ==",
      "dev": true,
      "optional": true,
      "os": [
        "win32"
      ]
    },
    "node_modules/typescript": {
      "version": "5.5.2",
      "resolved": "https://registry.npmjs.org/typescript/-/typescript-5.5.2.tgz",
      "integrity": "sha512-NcRtPEOsPFFWjobJEtfihkLCZCXZt/os3zf8nTxjVH3RvTSxjrCamJpbExGvYOF+tFHc3pA65qpdwPbzjohhew==",
      "dev": true,
      "bin": {
        "tsc": "bin/tsc",
        "tsserver": "bin/tsserver"
      },
      "engines": {
        "node": ">=14.17"
      }
    },
    "node_modules/undici-types": {
      "version": "5.26.5",
      "resolved": "https://registry.npmjs.org/undici-types/-/undici-types-5.26.5.tgz",
      "integrity": "sha512-JlCMO+ehdEIKqlFxk6IfVoAUVmgz7cU7zD/h9XZ0qzeosSHmUJVOzSQvvYSYWXkFXC+IfLKSIffhv0sVZup6pA==",
      "dev": true
    },
    "node_modules/yaml": {
      "version": "2.4.2",
      "resolved": "https://registry.npmjs.org/yaml/-/yaml-2.4.2.tgz",
      "integrity": "sha512-B3VqDZ+JAg1nZpaEmWtTXUlBneoGx6CPM9b0TENK6aoSu5t73dItudwdgmi6tHlIZZId4dZ9skcAQ2UbcyAeVA==",
      "bin": {
        "yaml": "bin.mjs"
      },
      "engines": {
        "node": ">= 14"
      }
    }
  }
}
