{
  "name": "filter-jsonpath",
  "version": "0.0.1",
  "lockfileVersion": 3,
  "requires": true,
  "packages": {
    "": {
      "name": "filter-jsonpath",
      "version": "0.0.1",
      "dependencies": {
        "@yaakapp/api": "^0.2.7",
        "jsonpath-plus": "^9.0.0"
      },
      "devDependencies": {
        "@types/node": "^20.14.9",
        "@yaakapp/cli": "^0.0.42",
        "typescript": "^5.5.2"
      }
    },
    "node_modules/@jsep-plugin/assignment": {
      "version": "1.2.1",
      "resolved": "https://registry.npmjs.org/@jsep-plugin/assignment/-/assignment-1.2.1.tgz",
      "integrity": "sha512-gaHqbubTi29aZpVbBlECRpmdia+L5/lh2BwtIJTmtxdbecEyyX/ejAOg7eQDGNvGOUmPY7Z2Yxdy9ioyH/VJeA==",
      "engines": {
        "node": ">= 10.16.0"
      },
      "peerDependencies": {
        "jsep": "^0.4.0||^1.0.0"
      }
    },
    "node_modules/@jsep-plugin/regex": {
      "version": "1.0.3",
      "resolved": "https://registry.npmjs.org/@jsep-plugin/regex/-/regex-1.0.3.tgz",
      "integrity": "sha512-XfZgry4DwEZvSFtS/6Y+R48D7qJYJK6R9/yJFyUFHCIUMEEHuJ4X95TDgJp5QkmzfLYvapMPzskV5HpIDrREug==",
      "engines": {
        "node": ">= 10.16.0"
      },
      "peerDependencies": {
        "jsep": "^0.4.0||^1.0.0"
      }
    },
    "node_modules/@types/node": {
      "version": "20.14.9",
      "resolved": "https://registry.npmjs.org/@types/node/-/node-20.14.9.tgz",
      "integrity": "sha512-06OCtnTXtWOZBJlRApleWndH4JsRVs1pDCc8dLSQp+7PpUpX3ePdHyeNSFTeSe7FtKyQkrlPvHwJOW3SLd8Oyg==",
      "dev": true,
      "dependencies": {
        "undici-types": "~5.26.4"
      }
    },
    "node_modules/@yaakapp/api": {
      "version": "0.2.7",
      "resolved": "https://registry.npmjs.org/@yaakapp/api/-/api-0.2.7.tgz",
      "integrity": "sha512-vU9KtEwe5a+6VpDtV5+GSV+BpZETer/M9TtZ+oDZovvFMO0d55KqPfs7S6PuMru6e8Yxky8mO1TjL4Vsylh2Gg==",
      "dependencies": {
        "@types/node": "^22.5.4"
      }
    },
    "node_modules/@yaakapp/api/node_modules/@types/node": {
      "version": "22.5.5",
      "resolved": "https://registry.npmjs.org/@types/node/-/node-22.5.5.tgz",
      "integrity": "sha512-Xjs4y5UPO/CLdzpgR6GirZJx36yScjh73+2NlLlkFRSoQN8B0DpfXPdZGnvVmLRLOsqDpOfTNv7D9trgGhmOIA==",
      "license": "MIT",
      "dependencies": {
        "undici-types": "~6.19.2"
      }
    },
    "node_modules/@yaakapp/api/node_modules/undici-types": {
      "version": "6.19.8",
      "resolved": "https://registry.npmjs.org/undici-types/-/undici-types-6.19.8.tgz",
      "integrity": "sha512-ve2KP6f/JnbPBFyobGHuerC9g1FYGn/F8n1LWTwNxCEzd6IfqTwUQcNXgEtmmQ6DlRrC1hrSrBnCZPokRrDHjw==",
      "license": "MIT"
    },
    "node_modules/@yaakapp/cli": {
      "version": "0.0.42",
      "resolved": "https://registry.npmjs.org/@yaakapp/cli/-/cli-0.0.42.tgz",
      "integrity": "sha512-HFkg49sksZNQQpnOgZGfyh8pmHbxtkgSNCeEMlaSFezq42YZPHxOPlqTEGxk3JqX6Asz0YO2xJDfUADQCyKNYA==",
      "dev": true,
      "hasInstallScript": true,
      "bin": {
        "yaakcli": "bin/cli.js"
      },
      "optionalDependencies": {
        "@yaakapp/cli-darwin-arm64": "0.0.42",
        "@yaakapp/cli-darwin-x64": "0.0.42",
        "@yaakapp/cli-linux-x64": "0.0.42",
        "@yaakapp/cli-win32-x64": "0.0.42"
      }
    },
    "node_modules/@yaakapp/cli-darwin-arm64": {
      "version": "0.0.42",
      "resolved": "https://registry.npmjs.org/@yaakapp/cli-darwin-arm64/-/cli-darwin-arm64-0.0.42.tgz",
      "integrity": "sha512-l8+N/9jwvAYlMQBPfGzNkVoQsYeBtwM3/7ix5b6mT+3zcwrNIDW9HQTEZ2ZTNdo1H548U1F6ppvhAyOdOtIyLg==",
      "dev": true,
      "optional": true,
      "os": [
        "darwin"
      ]
    },
    "node_modules/@yaakapp/cli-darwin-x64": {
      "version": "0.0.42",
      "resolved": "https://registry.npmjs.org/@yaakapp/cli-darwin-x64/-/cli-darwin-x64-0.0.42.tgz",
      "integrity": "sha512-grm9UOVCNIpHO3XsEzvvoic43cYCxmuvrUFP/8MZLQgZeQ5L6EBTAlCTtXD2hUGW60+kNNwcgPrDVVrP7Wn2YQ==",
      "dev": true,
      "optional": true,
      "os": [
        "darwin"
      ]
    },
    "node_modules/@yaakapp/cli-linux-x64": {
      "version": "0.0.42",
      "resolved": "https://registry.npmjs.org/@yaakapp/cli-linux-x64/-/cli-linux-x64-0.0.42.tgz",
      "integrity": "sha512-O4ly25zR0BVIN0KxUcc7hmmcdNiRq4tQACuYNMIQ2ppFJYCguSMmGFdeJuyCfvcC/SwJIK6/Kzkr8EAmaTjDOA==",
      "dev": true,
      "optional": true,
      "os": [
        "linux"
      ]
    },
    "node_modules/@yaakapp/cli-win32-x64": {
      "version": "0.0.42",
      "resolved": "https://registry.npmjs.org/@yaakapp/cli-win32-x64/-/cli-win32-x64-0.0.42.tgz",
      "integrity": "sha512-40BTVcOBIP8VYwD1wfrr6tXG6NQuGz+XDA/ean4AWQWHi1P7BWHC9/uqHlMTLhFvbjcHjtwAl7bzVrXr37E0YQ==",
      "dev": true,
      "optional": true,
      "os": [
        "win32"
      ]
    },
    "node_modules/jsep": {
      "version": "1.3.9",
      "resolved": "https://registry.npmjs.org/jsep/-/jsep-1.3.9.tgz",
      "integrity": "sha512-i1rBX5N7VPl0eYb6+mHNp52sEuaS2Wi8CDYx1X5sn9naevL78+265XJqy1qENEk7mRKwS06NHpUqiBwR7qeodw==",
      "engines": {
        "node": ">= 10.16.0"
      }
    },
    "node_modules/jsonpath-plus": {
      "version": "9.0.0",
      "resolved": "https://registry.npmjs.org/jsonpath-plus/-/jsonpath-plus-9.0.0.tgz",
      "integrity": "sha512-bqE77VIDStrOTV/czspZhTn+o27Xx9ZJRGVkdVShEtPoqsIx5yALv3lWVU6y+PqYvWPJNWE7ORCQheQkEe0DDA==",
      "dependencies": {
        "@jsep-plugin/assignment": "^1.2.1",
        "@jsep-plugin/regex": "^1.0.3",
        "jsep": "^1.3.8"
      },
      "bin": {
        "jsonpath": "bin/jsonpath-cli.js",
        "jsonpath-plus": "bin/jsonpath-cli.js"
      },
      "engines": {
        "node": ">=14.0.0"
      }
    },
    "node_modules/typescript": {
      "version": "5.5.2",
      "resolved": "https://registry.npmjs.org/typescript/-/typescript-5.5.2.tgz",
      "integrity": "sha512-NcRtPEOsPFFWjobJEtfihkLCZCXZt/os3zf8nTxjVH3RvTSxjrCamJpbExGvYOF+tFHc3pA65qpdwPbzjohhew==",
      "dev": true,
      "bin": {
        "tsc": "bin/tsc",
        "tsserver": "bin/tsserver"
      },
      "engines": {
        "node": ">=14.17"
      }
    },
    "node_modules/undici-types": {
      "version": "5.26.5",
      "resolved": "https://registry.npmjs.org/undici-types/-/undici-types-5.26.5.tgz",
      "integrity": "sha512-JlCMO+ehdEIKqlFxk6IfVoAUVmgz7cU7zD/h9XZ0qzeosSHmUJVOzSQvvYSYWXkFXC+IfLKSIffhv0sVZup6pA==",
      "dev": true
    }
  }
}
